
Microsoft Visual Studio Solution File, Format Version 12.00
# Visual Studio Version 17
VisualStudioVersion = 17.8.34322.80
MinimumVisualStudioVersion = 10.0.40219.1
Project("{FAE04EC0-301F-11D3-BF4B-00C04F79EFBC}") = "API", "API\API.csproj", "{65E45F17-D788-4F36-B542-92ECE0C4233A}"
EndProject
Global
	GlobalSection(SolutionConfigurationPlatforms) = preSolution
		Debug|Any CPU = Debug|Any CPU
		Release|Any CPU = Release|Any CPU
	EndGlobalSection
	GlobalSection(ProjectConfigurationPlatforms) = postSolution
		{65E45F17-D788-4F36-B542-92ECE0C4233A}.Debug|Any CPU.ActiveCfg = Debug|Any CPU
		{65E45F17-D788-4F36-B542-92ECE0C4233A}.Debug|Any CPU.Build.0 = Debug|Any CPU
		{65E45F17-D788-4F36-B542-92ECE0C4233A}.Release|Any CPU.ActiveCfg = Release|Any CPU
		{65E45F17-D788-4F36-B542-92ECE0C4233A}.Release|Any CPU.Build.0 = Release|Any CPU
	EndGlobalSection
	GlobalSection(SolutionProperties) = preSolution
		HideSolutionNode = FALSE
	EndGlobalSection
	GlobalSection(ExtensibilityGlobals) = postSolution
		SolutionGuid = {6591B621-655F-4C12-893F-123339452859}
	EndGlobalSection
EndGlobal
